PODS:
  - MyFlutterFramework (0.1.1)

DEPENDENCIES:
  - MyFlutterFramework (from `../`)

EXTERNAL SOURCES:
  MyFlutterFramework:
    :path: "../"

SPEC CHECKSUMS:
  MyFlutterFramework: 61a9fd07faf8ef6d393989112f8ef2f67aaa7bb5

PODFILE CHECKSUM: 6b80cdcff6c1c839c0984fc353431ba12911613b

COCOAPODS: 1.10.1
